// !$*UTF8*$!
{
	archiveVersion = 1;
	classes = {
	};
	objectVersion = 46;
	objects = {

/* Begin PBXBuildFile section */
		3E2493B71C27EF7E001806D9 /* AppDelegate.swift in Sources */ = {isa = PBXBuildFile; fileRef = 3E2493B61C27EF7E001806D9 /* AppDelegate.swift */; };
		3E2493B91C27EF7E001806D9 /* ViewController.swift in Sources */ = {isa = PBXBuildFile; fileRef = 3E2493B81C27EF7E001806D9 /* ViewController.swift */; };
		3E2493BC1C27EF7E001806D9 /* Main.storyboard in Resources */ = {isa = PBXBuildFile; fileRef = 3E2493BA1C27EF7E001806D9 /* Main.storyboard */; };
		3E2493BE1C27EF7F001806D9 /* Assets.xcassets in Resources */ = {isa = PBXBuildFile; fileRef = 3E2493BD1C27EF7F001806D9 /* Assets.xcassets */; };
		3E2493C11C27EF7F001806D9 /* LaunchScreen.storyboard in Resources */ = {isa = PBXBuildFile; fileRef = 3E2493BF1C27EF7F001806D9 /* LaunchScreen.storyboard */; };
		3E2493CC1C27EF7F001806D9 /* OnTheMapTests.swift in Sources */ = {isa = PBXBuildFile; fileRef = 3E2493CB1C27EF7F001806D9 /* OnTheMapTests.swift */; };
		3E2493D71C27EF7F001806D9 /* OnTheMapUITests.swift in Sources */ = {isa = PBXBuildFile; fileRef = 3E2493D61C27EF7F001806D9 /* OnTheMapUITests.swift */; };
		3E4FF1D11C75D1EE0028A4D1 /* OTMHttpModerator.swift in Sources */ = {isa = PBXBuildFile; fileRef = 3E4FF1D01C75D1EE0028A4D1 /* OTMHttpModerator.swift */; };
		3E6EFE081C68E0510011BDCB /* PinListController.swift in Sources */ = {isa = PBXBuildFile; fileRef = 3E6EFE071C68E0510011BDCB /* PinListController.swift */; };
		3E6EFE0A1C68E0610011BDCB /* MapViewController.swift in Sources */ = {isa = PBXBuildFile; fileRef = 3E6EFE091C68E0610011BDCB /* MapViewController.swift */; };
		3E6EFE0D1C68F0AD0011BDCB /* LocatorsDB.swift in Sources */ = {isa = PBXBuildFile; fileRef = 3E6EFE0C1C68F0AD0011BDCB /* LocatorsDB.swift */; };
		3E6EFE0F1C68F3650011BDCB /* Locator.swift in Sources */ = {isa = PBXBuildFile; fileRef = 3E6EFE0E1C68F3650011BDCB /* Locator.swift */; };
		3E75E57C1C805F0F004E7F88 /* OTMAnnotations.swift in Sources */ = {isa = PBXBuildFile; fileRef = 3E75E57B1C805F0F004E7F88 /* OTMAnnotations.swift */; };
		3E8BCEE71C7DECE00058A0C2 /* MapPin.swift in Sources */ = {isa = PBXBuildFile; fileRef = 3E8BCEE61C7DECE00058A0C2 /* MapPin.swift */; };
		3EA34C9B1C6C74BF005C3D87 /* OTMConstants.swift in Sources */ = {isa = PBXBuildFile; fileRef = 3EA34C9A1C6C74BF005C3D87 /* OTMConstants.swift */; };
		3EA34C9D1C6C77B9005C3D87 /* OTMHTTPClient.swift in Sources */ = {isa = PBXBuildFile; fileRef = 3EA34C9C1C6C77B9005C3D87 /* OTMHTTPClient.swift */; };
		3EB0DEBA1C28653200AEC063 /* MapKit.framework in Frameworks */ = {isa = PBXBuildFile; fileRef = 3EB0DEB91C28653200AEC063 /* MapKit.framework */; };
		3EEECB8B1C7B8D120097573D /* TextSpinner.swift in Sources */ = {isa = PBXBuildFile; fileRef = 3EEECB8A1C7B8D120097573D /* TextSpinner.swift */; };
/* End PBXBuildFile section */

/* Begin PBXContainerItemProxy section */
		3E2493C81C27EF7F001806D9 /* PBXContainerItemProxy */ = {
			isa = PBXContainerItemProxy;
			containerPortal = 3E2493AB1C27EF7E001806D9 /* Project object */;
			proxyType = 1;
			remoteGlobalIDString = 3E2493B21C27EF7E001806D9;
			remoteInfo = OnTheMap;
		};
		3E2493D31C27EF7F001806D9 /* PBXContainerItemProxy */ = {
			isa = PBXContainerItemProxy;
			containerPortal = 3E2493AB1C27EF7E001806D9 /* Project object */;
			proxyType = 1;
			remoteGlobalIDString = 3E2493B21C27EF7E001806D9;
			remoteInfo = OnTheMap;
		};
/* End PBXContainerItemProxy section */

/* Begin PBXFileReference section */
		3E2493B31C27EF7E001806D9 /* OnTheMap.app */ = {isa = PBXFileReference; explicitFileType = wrapper.application; includeInIndex = 0; path = OnTheMap.app; sourceTree = BUILT_PRODUCTS_DIR; };
		3E2493B61C27EF7E001806D9 /* AppDelegate.swift */ = {isa = PBXFileReference; lastKnownFileType = sourcecode.swift; path = AppDelegate.swift; sourceTree = "<group>"; };
		3E2493B81C27EF7E001806D9 /* ViewController.swift */ = {isa = PBXFileReference; lastKnownFileType = sourcecode.swift; path = ViewController.swift; sourceTree = "<group>"; };
		3E2493BB1C27EF7E001806D9 /* Base */ = {isa = PBXFileReference; lastKnownFileType = file.storyboard; name = Base; path = Base.lproj/Main.storyboard; sourceTree = "<group>"; };
		3E2493BD1C27EF7F001806D9 /* Assets.xcassets */ = {isa = PBXFileReference; lastKnownFileType = folder.assetcatalog; path = Assets.xcassets; sourceTree = "<group>"; };
		3E2493C01C27EF7F001806D9 /* Base */ = {isa = PBXFileReference; lastKnownFileType = file.storyboard; name = Base; path = Base.lproj/LaunchScreen.storyboard; sourceTree = "<group>"; };
		3E2493C21C27EF7F001806D9 /* Info.plist */ = {isa = PBXFileReference; lastKnownFileType = text.plist.xml; path = Info.plist; sourceTree = "<group>"; };
		3E2493C71C27EF7F001806D9 /* OnTheMapTests.xctest */ = {isa = PBXFileReference; explicitFileType = wrapper.cfbundle; includeInIndex = 0; path = OnTheMapTests.xctest; sourceTree = BUILT_PRODUCTS_DIR; };
		3E2493CB1C27EF7F001806D9 /* OnTheMapTests.swift */ = {isa = PBXFileReference; lastKnownFileType = sourcecode.swift; path = OnTheMapTests.swift; sourceTree = "<group>"; };
		3E2493CD1C27EF7F001806D9 /* Info.plist */ = {isa = PBXFileReference; lastKnownFileType = text.plist.xml; path = Info.plist; sourceTree = "<group>"; };
		3E2493D21C27EF7F001806D9 /* OnTheMapUITests.xctest */ = {isa = PBXFileReference; explicitFileType = wrapper.cfbundle; includeInIndex = 0; path = OnTheMapUITests.xctest; sourceTree = BUILT_PRODUCTS_DIR; };
		3E2493D61C27EF7F001806D9 /* OnTheMapUITests.swift */ = {isa = PBXFileReference; lastKnownFileType = sourcecode.swift; path = OnTheMapUITests.swift; sourceTree = "<group>"; };
		3E2493D81C27EF7F001806D9 /* Info.plist */ = {isa = PBXFileReference; lastKnownFileType = text.plist.xml; path = Info.plist; sourceTree = "<group>"; };
		3E4FF1D01C75D1EE0028A4D1 /* OTMHttpModerator.swift */ = {isa = PBXFileReference; fileEncoding = 4; lastKnownFileType = sourcecode.swift; path = OTMHttpModerator.swift; sourceTree = "<group>"; };
		3E6EFE071C68E0510011BDCB /* PinListController.swift */ = {isa = PBXFileReference; fileEncoding = 4; lastKnownFileType = sourcecode.swift; path = PinListController.swift; sourceTree = "<group>"; };
		3E6EFE091C68E0610011BDCB /* MapViewController.swift */ = {isa = PBXFileReference; fileEncoding = 4; lastKnownFileType = sourcecode.swift; path = MapViewController.swift; sourceTree = "<group>"; };
		3E6EFE0C1C68F0AD0011BDCB /* LocatorsDB.swift */ = {isa = PBXFileReference; fileEncoding = 4; lastKnownFileType = sourcecode.swift; path = LocatorsDB.swift; sourceTree = "<group>"; };
		3E6EFE0E1C68F3650011BDCB /* Locator.swift */ = {isa = PBXFileReference; fileEncoding = 4; lastKnownFileType = sourcecode.swift; lineEnding = 0; path = Locator.swift; sourceTree = "<group>"; xcLanguageSpecificationIdentifier = xcode.lang.swift; };
		3E75E57B1C805F0F004E7F88 /* OTMAnnotations.swift */ = {isa = PBXFileReference; fileEncoding = 4; lastKnownFileType = sourcecode.swift; path = OTMAnnotations.swift; sourceTree = "<group>"; };
		3E8BCEE61C7DECE00058A0C2 /* MapPin.swift */ = {isa = PBXFileReference; fileEncoding = 4; lastKnownFileType = sourcecode.swift; path = MapPin.swift; sourceTree = "<group>"; };
		3EA34C9A1C6C74BF005C3D87 /* OTMConstants.swift */ = {isa = PBXFileReference; fileEncoding = 4; lastKnownFileType = sourcecode.swift; lineEnding = 0; path = OTMConstants.swift; sourceTree = "<group>"; xcLanguageSpecificationIdentifier = xcode.lang.swift; };
		3EA34C9C1C6C77B9005C3D87 /* OTMHTTPClient.swift */ = {isa = PBXFileReference; fileEncoding = 4; lastKnownFileType = sourcecode.swift; lineEnding = 0; path = OTMHTTPClient.swift; sourceTree = "<group>"; xcLanguageSpecificationIdentifier = xcode.lang.swift; };
		3EB0DEB91C28653200AEC063 /* MapKit.framework */ = {isa = PBXFileReference; lastKnownFileType = wrapper.framework; name = MapKit.framework; path = System/Library/Frameworks/MapKit.framework; sourceTree = SDKROOT; };
		3EEECB8A1C7B8D120097573D /* TextSpinner.swift */ = {isa = PBXFileReference; fileEncoding = 4; lastKnownFileType = sourcecode.swift; path = TextSpinner.swift; sourceTree = "<group>"; };
/* End PBXFileReference section */

/* Begin PBXFrameworksBuildPhase section */
		3E2493B01C27EF7E001806D9 /* Frameworks */ = {
			isa = PBXFrameworksBuildPhase;
			buildActionMask = 2147483647;
			files = (
				3EB0DEBA1C28653200AEC063 /* MapKit.framework in Frameworks */,
			);
			runOnlyForDeploymentPostprocessing = 0;
		};
		3E2493C41C27EF7F001806D9 /* Frameworks */ = {
			isa = PBXFrameworksBuildPhase;
			buildActionMask = 2147483647;
			files = (
			);
			runOnlyForDeploymentPostprocessing = 0;
		};
		3E2493CF1C27EF7F001806D9 /* Frameworks */ = {
			isa = PBXFrameworksBuildPhase;
			buildActionMask = 2147483647;
			files = (
			);
			runOnlyForDeploymentPostprocessing = 0;
		};
/* End PBXFrameworksBuildPhase section */

/* Begin PBXGroup section */
		3E2493AA1C27EF7E001806D9 = {
			isa = PBXGroup;
			children = (
				3EB0DEB91C28653200AEC063 /* MapKit.framework */,
				3E2493B51C27EF7E001806D9 /* OnTheMap */,
				3E2493CA1C27EF7F001806D9 /* OnTheMapTests */,
				3E2493D51C27EF7F001806D9 /* OnTheMapUITests */,
				3E2493B41C27EF7E001806D9 /* Products */,
			);
			sourceTree = "<group>";
		};
		3E2493B41C27EF7E001806D9 /* Products */ = {
			isa = PBXGroup;
			children = (
				3E2493B31C27EF7E001806D9 /* OnTheMap.app */,
				3E2493C71C27EF7F001806D9 /* OnTheMapTests.xctest */,
				3E2493D21C27EF7F001806D9 /* OnTheMapUITests.xctest */,
			);
			name = Products;
			sourceTree = "<group>";
		};
		3E2493B51C27EF7E001806D9 /* OnTheMap */ = {
			isa = PBXGroup;
			children = (
				3EEECB891C7B8CF50097573D /* View */,
				3E6EFE0B1C68F0210011BDCB /* Model */,
				3EB0DEB81C285B1A00AEC063 /* Controllers */,
				3E2493B61C27EF7E001806D9 /* AppDelegate.swift */,
				3E2493BA1C27EF7E001806D9 /* Main.storyboard */,
				3E2493BD1C27EF7F001806D9 /* Assets.xcassets */,
				3E2493BF1C27EF7F001806D9 /* LaunchScreen.storyboard */,
				3E2493C21C27EF7F001806D9 /* Info.plist */,
			);
			path = OnTheMap;
			sourceTree = "<group>";
		};
		3E2493CA1C27EF7F001806D9 /* OnTheMapTests */ = {
			isa = PBXGroup;
			children = (
				3E2493CB1C27EF7F001806D9 /* OnTheMapTests.swift */,
				3E2493CD1C27EF7F001806D9 /* Info.plist */,
			);
			path = OnTheMapTests;
			sourceTree = "<group>";
		};
		3E2493D51C27EF7F001806D9 /* OnTheMapUITests */ = {
			isa = PBXGroup;
			children = (
				3E2493D61C27EF7F001806D9 /* OnTheMapUITests.swift */,
				3E2493D81C27EF7F001806D9 /* Info.plist */,
			);
			path = OnTheMapUITests;
			sourceTree = "<group>";
		};
		3E6EFE0B1C68F0210011BDCB /* Model */ = {
			isa = PBXGroup;
			children = (
				3EA34C9A1C6C74BF005C3D87 /* OTMConstants.swift */,
				3E6EFE0C1C68F0AD0011BDCB /* LocatorsDB.swift */,
				3E6EFE0E1C68F3650011BDCB /* Locator.swift */,
				3EA34C9C1C6C77B9005C3D87 /* OTMHTTPClient.swift */,
				3E4FF1D01C75D1EE0028A4D1 /* OTMHttpModerator.swift */,
				3E75E57B1C805F0F004E7F88 /* OTMAnnotations.swift */,
			);
			name = Model;
			sourceTree = "<group>";
		};
		3EB0DEB81C285B1A00AEC063 /* Controllers */ = {
			isa = PBXGroup;
			children = (
				3E2493B81C27EF7E001806D9 /* ViewController.swift */,
				3E6EFE071C68E0510011BDCB /* PinListController.swift */,
				3E6EFE091C68E0610011BDCB /* MapViewController.swift */,
			);
			name = Controllers;
			sourceTree = "<group>";
		};
		3EEECB891C7B8CF50097573D /* View */ = {
			isa = PBXGroup;
			children = (
				3EEECB8A1C7B8D120097573D /* TextSpinner.swift */,
				3E8BCEE61C7DECE00058A0C2 /* MapPin.swift */,
			);
			name = View;
			sourceTree = "<group>";
		};
/* End PBXGroup section */

/* Begin PBXNativeTarget section */
		3E2493B21C27EF7E001806D9 /* OnTheMap */ = {
			isa = PBXNativeTarget;
			buildConfigurationList = 3E2493DB1C27EF7F001806D9 /* Build configuration list for PBXNativeTarget "OnTheMap" */;
			buildPhases = (
				3E2493AF1C27EF7E001806D9 /* Sources */,
				3E2493B01C27EF7E001806D9 /* Frameworks */,
				3E2493B11C27EF7E001806D9 /* Resources */,
			);
			buildRules = (
			);
			dependencies = (
			);
			name = OnTheMap;
			productName = OnTheMap;
			productReference = 3E2493B31C27EF7E001806D9 /* OnTheMap.app */;
			productType = "com.apple.product-type.application";
		};
		3E2493C61C27EF7F001806D9 /* OnTheMapTests */ = {
			isa = PBXNativeTarget;
			buildConfigurationList = 3E2493DE1C27EF7F001806D9 /* Build configuration list for PBXNativeTarget "OnTheMapTests" */;
			buildPhases = (
				3E2493C31C27EF7F001806D9 /* Sources */,
				3E2493C41C27EF7F001806D9 /* Frameworks */,
				3E2493C51C27EF7F001806D9 /* Resources */,
			);
			buildRules = (
			);
			dependencies = (
				3E2493C91C27EF7F001806D9 /* PBXTargetDependency */,
			);
			name = OnTheMapTests;
			productName = OnTheMapTests;
			productReference = 3E2493C71C27EF7F001806D9 /* OnTheMapTests.xctest */;
			productType = "com.apple.product-type.bundle.unit-test";
		};
		3E2493D11C27EF7F001806D9 /* OnTheMapUITests */ = {
			isa = PBXNativeTarget;
			buildConfigurationList = 3E2493E11C27EF7F001806D9 /* Build configuration list for PBXNativeTarget "OnTheMapUITests" */;
			buildPhases = (
				3E2493CE1C27EF7F001806D9 /* Sources */,
				3E2493CF1C27EF7F001806D9 /* Frameworks */,
				3E2493D01C27EF7F001806D9 /* Resources */,
			);
			buildRules = (
			);
			dependencies = (
				3E2493D41C27EF7F001806D9 /* PBXTargetDependency */,
			);
			name = OnTheMapUITests;
			productName = OnTheMapUITests;
			productReference = 3E2493D21C27EF7F001806D9 /* OnTheMapUITests.xctest */;
			productType = "com.apple.product-type.bundle.ui-testing";
		};
/* End PBXNativeTarget section */

/* Begin PBXProject section */
		3E2493AB1C27EF7E001806D9 /* Project object */ = {
			isa = PBXProject;
			attributes = {
				LastSwiftUpdateCheck = 0710;
				LastUpgradeCheck = 0710;
				ORGANIZATIONNAME = ShreeVed;
				TargetAttributes = {
					3E2493B21C27EF7E001806D9 = {
						CreatedOnToolsVersion = 7.1.1;
						DevelopmentTeam = 4QXUKFR6EC;
						SystemCapabilities = {
							com.apple.Maps.iOS = {
								enabled = 1;
							};
						};
					};
					3E2493C61C27EF7F001806D9 = {
						CreatedOnToolsVersion = 7.1.1;
						TestTargetID = 3E2493B21C27EF7E001806D9;
					};
					3E2493D11C27EF7F001806D9 = {
						CreatedOnToolsVersion = 7.1.1;
						TestTargetID = 3E2493B21C27EF7E001806D9;
					};
				};
			};
			buildConfigurationList = 3E2493AE1C27EF7E001806D9 /* Build configuration list for PBXProject "OnTheMap" */;
			compatibilityVersion = "Xcode 3.2";
			developmentRegion = English;
			hasScannedForEncodings = 0;
			knownRegions = (
				en,
				Base,
			);
			mainGroup = 3E2493AA1C27EF7E001806D9;
			productRefGroup = 3E2493B41C27EF7E001806D9 /* Products */;
			projectDirPath = "";
			projectRoot = "";
			targets = (
				3E2493B21C27EF7E001806D9 /* OnTheMap */,
				3E2493C61C27EF7F001806D9 /* OnTheMapTests */,
				3E2493D11C27EF7F001806D9 /* OnTheMapUITests */,
			);
		};
/* End PBXProject section */

/* Begin PBXResourcesBuildPhase section */
		3E2493B11C27EF7E001806D9 /* Resources */ = {
			isa = PBXResourcesBuildPhase;
			buildActionMask = 2147483647;
			files = (
				3E2493C11C27EF7F001806D9 /* LaunchScreen.storyboard in Resources */,
				3E2493BE1C27EF7F001806D9 /* Assets.xcassets in Resources */,
				3E2493BC1C27EF7E001806D9 /* Main.storyboard in Resources */,
			);
			runOnlyForDeploymentPostprocessing = 0;
		};
		3E2493C51C27EF7F001806D9 /* Resources */ = {
			isa = PBXResourcesBuildPhase;
			buildActionMask = 2147483647;
			files = (
			);
			runOnlyForDeploymentPostprocessing = 0;
		};
		3E2493D01C27EF7F001806D9 /* Resources */ = {
			isa = PBXResourcesBuildPhase;
			buildActionMask = 2147483647;
			files = (
			);
			runOnlyForDeploymentPostprocessing = 0;
		};
/* End PBXResourcesBuildPhase section */

/* Begin PBXSourcesBuildPhase section */
		3E2493AF1C27EF7E001806D9 /* Sources */ = {
			isa = PBXSourcesBuildPhase;
			buildActionMask = 2147483647;
			files = (
				3EEECB8B1C7B8D120097573D /* TextSpinner.swift in Sources */,
				3E8BCEE71C7DECE00058A0C2 /* MapPin.swift in Sources */,
				3E6EFE081C68E0510011BDCB /* PinListController.swift in Sources */,
				3E2493B91C27EF7E001806D9 /* ViewController.swift in Sources */,
				3EA34C9D1C6C77B9005C3D87 /* OTMHTTPClient.swift in Sources */,
				3E4FF1D11C75D1EE0028A4D1 /* OTMHttpModerator.swift in Sources */,
				3E6EFE0F1C68F3650011BDCB /* Locator.swift in Sources */,
				3E6EFE0D1C68F0AD0011BDCB /* LocatorsDB.swift in Sources */,
				3EA34C9B1C6C74BF005C3D87 /* OTMConstants.swift in Sources */,
				3E75E57C1C805F0F004E7F88 /* OTMAnnotations.swift in Sources */,
				3E2493B71C27EF7E001806D9 /* AppDelegate.swift in Sources */,
				3E6EFE0A1C68E0610011BDCB /* MapViewController.swift in Sources */,
			);
			runOnlyForDeploymentPostprocessing = 0;
		};
		3E2493C31C27EF7F001806D9 /* Sources */ = {
			isa = PBXSourcesBuildPhase;
			buildActionMask = 2147483647;
			files = (
				3E2493CC1C27EF7F001806D9 /* OnTheMapTests.swift in Sources */,
			);
			runOnlyForDeploymentPostprocessing = 0;
		};
		3E2493CE1C27EF7F001806D9 /* Sources */ = {
			isa = PBXSourcesBuildPhase;
			buildActionMask = 2147483647;
			files = (
				3E2493D71C27EF7F001806D9 /* OnTheMapUITests.swift in Sources */,
			);
			runOnlyForDeploymentPostprocessing = 0;
		};
/* End PBXSourcesBuildPhase section */

/* Begin PBXTargetDependency section */
		3E2493C91C27EF7F001806D9 /* PBXTargetDependency */ = {
			isa = PBXTargetDependency;
			target = 3E2493B21C27EF7E001806D9 /* OnTheMap */;
			targetProxy = 3E2493C81C27EF7F001806D9 /* PBXContainerItemProxy */;
		};
		3E2493D41C27EF7F001806D9 /* PBXTargetDependency */ = {
			isa = PBXTargetDependency;
			target = 3E2493B21C27EF7E001806D9 /* OnTheMap */;
			targetProxy = 3E2493D31C27EF7F001806D9 /* PBXContainerItemProxy */;
		};
/* End PBXTargetDependency section */

/* Begin PBXVariantGroup section */
		3E2493BA1C27EF7E001806D9 /* Main.storyboard */ = {
			isa = PBXVariantGroup;
			children = (
				3E2493BB1C27EF7E001806D9 /* Base */,
			);
			name = Main.storyboard;
			sourceTree = "<group>";
		};
		3E2493BF1C27EF7F001806D9 /* LaunchScreen.storyboard */ = {
			isa = PBXVariantGroup;
			children = (
				3E2493C01C27EF7F001806D9 /* Base */,
			);
			name = LaunchScreen.storyboard;
			sourceTree = "<group>";
		};
/* End PBXVariantGroup section */

/* Begin XCBuildConfiguration section */
		3E2493D91C27EF7F001806D9 /* Debug */ = {
			isa = XCBuildConfiguration;
			buildSettings = {
				ALWAYS_SEARCH_USER_PATHS = NO;
				CLANG_CXX_LANGUAGE_STANDARD = "gnu++0x";
				CLANG_CXX_LIBRARY = "libc++";
				CLANG_ENABLE_MODULES = YES;
				CLANG_ENABLE_OBJC_ARC = YES;
				CLANG_WARN_BOOL_CONVERSION = YES;
				CLANG_WARN_CONSTANT_CONVERSION = YES;
				CLANG_WARN_DIRECT_OBJC_ISA_USAGE = YES_ERROR;
				CLANG_WARN_EMPTY_BODY = YES;
				CLANG_WARN_ENUM_CONVERSION = YES;
				CLANG_WARN_INT_CONVERSION = YES;
				CLANG_WARN_OBJC_ROOT_CLASS = YES_ERROR;
				CLANG_WARN_UNREACHABLE_CODE = YES;
				CLANG_WARN__DUPLICATE_METHOD_MATCH = YES;
				"CODE_SIGN_IDENTITY[sdk=iphoneos*]" = "iPhone Developer";
				COPY_PHASE_STRIP = NO;
				DEBUG_INFORMATION_FORMAT = dwarf;
				ENABLE_STRICT_OBJC_MSGSEND = YES;
				ENABLE_TESTABILITY = YES;
				GCC_C_LANGUAGE_STANDARD = gnu99;
				GCC_DYNAMIC_NO_PIC = NO;
				GCC_NO_COMMON_BLOCKS = YES;
				GCC_OPTIMIZATION_LEVEL = 0;
				GCC_PREPROCESSOR_DEFINITIONS = (
					"DEBUG=1",
					"$(inherited)",
				);
				GCC_WARN_64_TO_32_BIT_CONVERSION = YES;
				GCC_WARN_ABOUT_RETURN_TYPE = YES_ERROR;
				GCC_WARN_UNDECLARED_SELECTOR = YES;
				GCC_WARN_UNINITIALIZED_AUTOS = YES_AGGRESSIVE;
				GCC_WARN_UNUSED_FUNCTION = YES;
				GCC_WARN_UNUSED_VARIABLE = YES;
				IPHONEOS_DEPLOYMENT_TARGET = 9.1;
				MTL_ENABLE_DEBUG_INFO = YES;
				ONLY_ACTIVE_ARCH = YES;
				SDKROOT = iphoneos;
				SWIFT_OPTIMIZATION_LEVEL = "-Onone";
			};
			name = Debug;
		};
		3E2493DA1C27EF7F001806D9 /* Release */ = {
			isa = XCBuildConfiguration;
			buildSettings = {
				ALWAYS_SEARCH_USER_PATHS = NO;
				CLANG_CXX_LANGUAGE_STANDARD = "gnu++0x";
				CLANG_CXX_LIBRARY = "libc++";
				CLANG_ENABLE_MODULES = YES;
				CLANG_ENABLE_OBJC_ARC = YES;
				CLANG_WARN_BOOL_CONVERSION = YES;
				CLANG_WARN_CONSTANT_CONVERSION = YES;
				CLANG_WARN_DIRECT_OBJC_ISA_USAGE = YES_ERROR;
				CLANG_WARN_EMPTY_BODY = YES;
				CLANG_WARN_ENUM_CONVERSION = YES;
				CLANG_WARN_INT_CONVERSION = YES;
				CLANG_WARN_OBJC_ROOT_CLASS = YES_ERROR;
				CLANG_WARN_UNREACHABLE_CODE = YES;
				CLANG_WARN__DUPLICATE_METHOD_MATCH = YES;
				"CODE_SIGN_IDENTITY[sdk=iphoneos*]" = "iPhone Developer";
				COPY_PHASE_STRIP = NO;
				DEBUG_INFORMATION_FORMAT = "dwarf-with-dsym";
				ENABLE_NS_ASSERTIONS = NO;
				ENABLE_STRICT_OBJC_MSGSEND = YES;
				GCC_C_LANGUAGE_STANDARD = gnu99;
				GCC_NO_COMMON_BLOCKS = YES;
				GCC_WARN_64_TO_32_BIT_CONVERSION = YES;
				GCC_WARN_ABOUT_RETURN_TYPE = YES_ERROR;
				GCC_WARN_UNDECLARED_SELECTOR = YES;
				GCC_WARN_UNINITIALIZED_AUTOS = YES_AGGRESSIVE;
				GCC_WARN_UNUSED_FUNCTION = YES;
				GCC_WARN_UNUSED_VARIABLE = YES;
				IPHONEOS_DEPLOYMENT_TARGET = 9.1;
				MTL_ENABLE_DEBUG_INFO = NO;
				SDKROOT = iphoneos;
				VALIDATE_PRODUCT = YES;
			};
			name = Release;
		};
		3E2493DC1C27EF7F001806D9 /* Debug */ = {
			isa = XCBuildConfiguration;
			buildSettings = {
				ASSETCATALOG_COMPILER_APPICON_NAME = AppIcon;
				CODE_SIGN_IDENTITY = "iPhone Developer";
				"CODE_SIGN_IDENTITY[sdk=iphoneos*]" = "iPhone Developer";
				INFOPLIST_FILE = OnTheMap/Info.plist;
				LD_RUNPATH_SEARCH_PATHS = "$(inherited) @executable_path/Frameworks";
				PRODUCT_BUNDLE_IDENTIFIER = sv.OnTheMap;
				PRODUCT_NAME = "$(TARGET_NAME)";
				PROVISIONING_PROFILE = "";
			};
			name = Debug;
		};
		3E2493DD1C27EF7F001806D9 /* Release */ = {
			isa = XCBuildConfiguration;
			buildSettings = {
				ASSETCATALOG_COMPILER_APPICON_NAME = AppIcon;
				CODE_SIGN_IDENTITY = "iPhone Developer";
				"CODE_SIGN_IDENTITY[sdk=iphoneos*]" = "iPhone Developer";
				INFOPLIST_FILE = OnTheMap/Info.plist;
				LD_RUNPATH_SEARCH_PATHS = "$(inherited) @executable_path/Frameworks";
				PRODUCT_BUNDLE_IDENTIFIER = sv.OnTheMap;
				PRODUCT_NAME = "$(TARGET_NAME)";
				PROVISIONING_PROFILE = "";
			};
			name = Release;
		};
		3E2493DF1C27EF7F001806D9 /* Debug */ = {
			isa = XCBuildConfiguration;
			buildSettings = {
				BUNDLE_LOADER = "$(TEST_HOST)";
				INFOPLIST_FILE = OnTheMapTests/Info.plist;
				LD_RUNPATH_SEARCH_PATHS = "$(inherited) @executable_path/Frameworks @loader_path/Frameworks";
				PRODUCT_BUNDLE_IDENTIFIER = sv.OnTheMapTests;
				PRODUCT_NAME = "$(TARGET_NAME)";
				TEST_HOST = "$(BUILT_PRODUCTS_DIR)/OnTheMap.app/OnTheMap";
			};
			name = Debug;
		};
		3E2493E01C27EF7F001806D9 /* Release */ = {
			isa = XCBuildConfiguration;
			buildSettings = {
				BUNDLE_LOADER = "$(TEST_HOST)";
				INFOPLIST_FILE = OnTheMapTests/Info.plist;
				LD_RUNPATH_SEARCH_PATHS = "$(inherited) @executable_path/Frameworks @loader_path/Frameworks";
				PRODUCT_BUNDLE_IDENTIFIER = sv.OnTheMapTests;
				PRODUCT_NAME = "$(TARGET_NAME)";
				TEST_HOST = "$(BUILT_PRODUCTS_DIR)/OnTheMap.app/OnTheMap";
			};
			name = Release;
		};
		3E2493E21C27EF7F001806D9 /* Debug */ = {
			isa = XCBuildConfiguration;
			buildSettings = {
				INFOPLIST_FILE = OnTheMapUITests/Info.plist;
				LD_RUNPATH_SEARCH_PATHS = "$(inherited) @executable_path/Frameworks @loader_path/Frameworks";
				PRODUCT_BUNDLE_IDENTIFIER = sv.OnTheMapUITests;
				PRODUCT_NAME = "$(TARGET_NAME)";
				TEST_TARGET_NAME = OnTheMap;
				USES_XCTRUNNER = YES;
			};
			name = Debug;
		};
		3E2493E31C27EF7F001806D9 /* Release */ = {
			isa = XCBuildConfiguration;
			buildSettings = {
				INFOPLIST_FILE = OnTheMapUITests/Info.plist;
				LD_RUNPATH_SEARCH_PATHS = "$(inherited) @executable_path/Frameworks @loader_path/Frameworks";
				PRODUCT_BUNDLE_IDENTIFIER = sv.OnTheMapUITests;
				PRODUCT_NAME = "$(TARGET_NAME)";
				TEST_TARGET_NAME = OnTheMap;
				USES_XCTRUNNER = YES;
			};
			name = Release;
		};
/* End XCBuildConfiguration section */

/* Begin XCConfigurationList section */
		3E2493AE1C27EF7E001806D9 /* Build configuration list for PBXProject "OnTheMap" */ = {
			isa = XCConfigurationList;
			buildConfigurations = (
				3E2493D91C27EF7F001806D9 /* Debug */,
				3E2493DA1C27EF7F001806D9 /* Release */,
			);
			defaultConfigurationIsVisible = 0;
			defaultConfigurationName = Release;
		};
		3E2493DB1C27EF7F001806D9 /* Build configuration list for PBXNativeTarget "OnTheMap" */ = {
			isa = XCConfigurationList;
			buildConfigurations = (
				3E2493DC1C27EF7F001806D9 /* Debug */,
				3E2493DD1C27EF7F001806D9 /* Release */,
			);
			defaultConfigurationIsVisible = 0;
			defaultConfigurationName = Release;
		};
		3E2493DE1C27EF7F001806D9 /* Build configuration list for PBXNativeTarget "OnTheMapTests" */ = {
			isa = XCConfigurationList;
			buildConfigurations = (
				3E2493DF1C27EF7F001806D9 /* Debug */,
				3E2493E01C27EF7F001806D9 /* Release */,
			);
			defaultConfigurationIsVisible = 0;
			defaultConfigurationName = Release;
		};
		3E2493E11C27EF7F001806D9 /* Build configuration list for PBXNativeTarget "OnTheMapUITests" */ = {
			isa = XCConfigurationList;
			buildConfigurations = (
				3E2493E21C27EF7F001806D9 /* Debug */,
				3E2493E31C27EF7F001806D9 /* Release */,
			);
			defaultConfigurationIsVisible = 0;
			defaultConfigurationName = Release;
		};
/* End XCConfigurationList section */
	};
	rootObject = 3E2493AB1C27EF7E001806D9 /* Project object */;
}
